
Microsoft Visual Studio Solution File, Format Version 12.00
# Visual Studio Version 17
VisualStudioVersion = 17.4.33213.308
MinimumVisualStudioVersion = 10.0.40219.1
Project("{9A19103F-16F7-4668-BE54-9A1E7A4F7556}") = "TrackerLibrary", "TrackerLibrary\TrackerLibrary.csproj", "{ECA2E13E-4621-4AE4-88DA-8EEBA7737326}"
EndProject
Project("{9A19103F-16F7-4668-BE54-9A1E7A4F7556}") = "TrackerUI", "TrackerUI\TrackerUI.csproj", "{8308E832-9895-43F9-9716-0C4DD45D75AB}"
EndProject
Global
	GlobalSection(SolutionConfigurationPlatforms) = preSolution
		Debug|Any CPU = Debug|Any CPU
		Release|Any CPU = Release|Any CPU
	EndGlobalSection
	GlobalSection(ProjectConfigurationPlatforms) = postSolution
		{ECA2E13E-4621-4AE4-88DA-8EEBA7737326}.Debug|Any CPU.ActiveCfg = Debug|Any CPU
		{ECA2E13E-4621-4AE4-88DA-8EEBA7737326}.Debug|Any CPU.Build.0 = Debug|Any CPU
		{ECA2E13E-4621-4AE4-88DA-8EEBA7737326}.Release|Any CPU.ActiveCfg = Release|Any CPU
		{ECA2E13E-4621-4AE4-88DA-8EEBA7737326}.Release|Any CPU.Build.0 = Release|Any CPU
		{8308E832-9895-43F9-9716-0C4DD45D75AB}.Debug|Any CPU.ActiveCfg = Debug|Any CPU
		{8308E832-9895-43F9-9716-0C4DD45D75AB}.Debug|Any CPU.Build.0 = Debug|Any CPU
		{8308E832-9895-43F9-9716-0C4DD45D75AB}.Release|Any CPU.ActiveCfg = Release|Any CPU
		{8308E832-9895-43F9-9716-0C4DD45D75AB}.Release|Any CPU.Build.0 = Release|Any CPU
	EndGlobalSection
	GlobalSection(SolutionProperties) = preSolution
		HideSolutionNode = FALSE
	EndGlobalSection
	GlobalSection(ExtensibilityGlobals) = postSolution
		SolutionGuid = {9F02ED73-61CB-4EE2-8FED-BBF6E648D244}
	EndGlobalSection
EndGlobal
